
Microsoft Visual Studio Solution File, Format Version 12.00
# Visual Studio Version 17
VisualStudioVersion = 17.9.34701.34
MinimumVisualStudioVersion = 10.0.40219.1
Project("{FAE04EC0-301F-11D3-BF4B-00C04F79EFBC}") = "backend", "backend.csproj", "{522C42B1-0DD9-4C1F-8DE0-1B750BBF3D97}"
EndProject
Global
	GlobalSection(SolutionConfigurationPlatforms) = preSolution
		Debug|Any CPU = Debug|Any CPU
		Release|Any CPU = Release|Any CPU
	EndGlobalSection
	GlobalSection(ProjectConfigurationPlatforms) = postSolution
		{522C42B1-0DD9-4C1F-8DE0-1B750BBF3D97}.Debug|Any CPU.ActiveCfg = Debug|Any CPU
		{522C42B1-0DD9-4C1F-8DE0-1B750BBF3D97}.Debug|Any CPU.Build.0 = Debug|Any CPU
		{522C42B1-0DD9-4C1F-8DE0-1B750BBF3D97}.Release|Any CPU.ActiveCfg = Release|Any CPU
		{522C42B1-0DD9-4C1F-8DE0-1B750BBF3D97}.Release|Any CPU.Build.0 = Release|Any CPU
	EndGlobalSection
	GlobalSection(SolutionProperties) = preSolution
		HideSolutionNode = FALSE
	EndGlobalSection
	GlobalSection(ExtensibilityGlobals) = postSolution
		SolutionGuid = {050F10E9-B90E-4DC7-A69A-9F315D2674A1}
	EndGlobalSection
EndGlobal
